
Microsoft Visual Studio Solution File, Format Version 12.00
# Visual Studio Version 17
VisualStudioVersion = 17.8.34330.188
MinimumVisualStudioVersion = 10.0.40219.1
Project("{9A19103F-16F7-4668-BE54-9A1E7A4F7556}") = "BulkyWeb", "BulkyWeb\BulkyWeb.csproj", "{99C9FFEC-5A73-4A21-BB83-B8C5A9E850F7}"
EndProject
Project("{9A19103F-16F7-4668-BE54-9A1E7A4F7556}") = "Bulky.DataAccess", "Bulky.DataAccess\Bulky.DataAccess.csproj", "{27EDE366-717F-43DF-9C4C-EF25E7A9BA7E}"
EndProject
Project("{9A19103F-16F7-4668-BE54-9A1E7A4F7556}") = "Bulky.Model", "Bulky.Model\Bulky.Model.csproj", "{619AAD9B-0493-4354-ACBF-3E346843558D}"
EndProject
Project("{9A19103F-16F7-4668-BE54-9A1E7A4F7556}") = "Bulky.Utilities", "Bulky.Utilities\Bulky.Utilities.csproj", "{EB6F1A75-EA4F-42D5-A6A1-0CB12E9D0DB9}"
EndProject
Project("{2150E333-8FDC-42A3-9474-1A3956D46DE8}") = "Solution Items", "Solution Items", "{FE7B3164-F85C-4318-A0F3-59B557612328}"
	ProjectSection(SolutionItems) = preProject
		.editorconfig = .editorconfig
	EndProjectSection
EndProject
Global
	GlobalSection(SolutionConfigurationPlatforms) = preSolution
		Debug|Any CPU = Debug|Any CPU
		Release|Any CPU = Release|Any CPU
	EndGlobalSection
	GlobalSection(ProjectConfigurationPlatforms) = postSolution
		{99C9FFEC-5A73-4A21-BB83-B8C5A9E850F7}.Debug|Any CPU.ActiveCfg = Debug|Any CPU
		{99C9FFEC-5A73-4A21-BB83-B8C5A9E850F7}.Debug|Any CPU.Build.0 = Debug|Any CPU
		{99C9FFEC-5A73-4A21-BB83-B8C5A9E850F7}.Release|Any CPU.ActiveCfg = Release|Any CPU
		{99C9FFEC-5A73-4A21-BB83-B8C5A9E850F7}.Release|Any CPU.Build.0 = Release|Any CPU
		{27EDE366-717F-43DF-9C4C-EF25E7A9BA7E}.Debug|Any CPU.ActiveCfg = Debug|Any CPU
		{27EDE366-717F-43DF-9C4C-EF25E7A9BA7E}.Debug|Any CPU.Build.0 = Debug|Any CPU
		{27EDE366-717F-43DF-9C4C-EF25E7A9BA7E}.Release|Any CPU.ActiveCfg = Release|Any CPU
		{27EDE366-717F-43DF-9C4C-EF25E7A9BA7E}.Release|Any CPU.Build.0 = Release|Any CPU
		{619AAD9B-0493-4354-ACBF-3E346843558D}.Debug|Any CPU.ActiveCfg = Debug|Any CPU
		{619AAD9B-0493-4354-ACBF-3E346843558D}.Debug|Any CPU.Build.0 = Debug|Any CPU
		{619AAD9B-0493-4354-ACBF-3E346843558D}.Release|Any CPU.ActiveCfg = Release|Any CPU
		{619AAD9B-0493-4354-ACBF-3E346843558D}.Release|Any CPU.Build.0 = Release|Any CPU
		{EB6F1A75-EA4F-42D5-A6A1-0CB12E9D0DB9}.Debug|Any CPU.ActiveCfg = Debug|Any CPU
		{EB6F1A75-EA4F-42D5-A6A1-0CB12E9D0DB9}.Debug|Any CPU.Build.0 = Debug|Any CPU
		{EB6F1A75-EA4F-42D5-A6A1-0CB12E9D0DB9}.Release|Any CPU.ActiveCfg = Release|Any CPU
		{EB6F1A75-EA4F-42D5-A6A1-0CB12E9D0DB9}.Release|Any CPU.Build.0 = Release|Any CPU
	EndGlobalSection
	GlobalSection(SolutionProperties) = preSolution
		HideSolutionNode = FALSE
	EndGlobalSection
	GlobalSection(ExtensibilityGlobals) = postSolution
		SolutionGuid = {63ECF9A3-DD82-4F01-8900-668627FD8946}
	EndGlobalSection
EndGlobal
